
Microsoft Visual Studio Solution File, Format Version 12.00
# Visual Studio Version 17
VisualStudioVersion = 17.10.35013.160
MinimumVisualStudioVersion = 10.0.40219.1
Project("{FAE04EC0-301F-11D3-BF4B-00C04F79EFBC}") = "Application_WPF", "Application_WPF\Application_WPF.csproj", "{A8B5F9BA-57C5-429E-87CC-73A912769FC0}"
EndProject
Global
	GlobalSection(SolutionConfigurationPlatforms) = preSolution
		Debug|Any CPU = Debug|Any CPU
		Release|Any CPU = Release|Any CPU
	EndGlobalSection
	GlobalSection(ProjectConfigurationPlatforms) = postSolution
		{A8B5F9BA-57C5-429E-87CC-73A912769FC0}.Debug|Any CPU.ActiveCfg = Debug|Any CPU
		{A8B5F9BA-57C5-429E-87CC-73A912769FC0}.Debug|Any CPU.Build.0 = Debug|Any CPU
		{A8B5F9BA-57C5-429E-87CC-73A912769FC0}.Release|Any CPU.ActiveCfg = Release|Any CPU
		{A8B5F9BA-57C5-429E-87CC-73A912769FC0}.Release|Any CPU.Build.0 = Release|Any CPU
	EndGlobalSection
	GlobalSection(SolutionProperties) = preSolution
		HideSolutionNode = FALSE
	EndGlobalSection
	GlobalSection(ExtensibilityGlobals) = postSolution
		SolutionGuid = {3F1A48E4-8FFE-4F68-AF21-6C200CCA26FA}
	EndGlobalSection
EndGlobal
