
Microsoft Visual Studio Solution File, Format Version 12.00
# Visual Studio Version 17
VisualStudioVersion = 17.8.34330.188
MinimumVisualStudioVersion = 10.0.40219.1
Project("{FAE04EC0-301F-11D3-BF4B-00C04F79EFBC}") = "CompteEnBanque", "CompteEnBanque\CompteEnBanque.csproj", "{18DFC26F-E5E9-4C20-952B-7FDF82671690}"
EndProject
Global
	GlobalSection(SolutionConfigurationPlatforms) = preSolution
		Debug|Any CPU = Debug|Any CPU
		Release|Any CPU = Release|Any CPU
	EndGlobalSection
	GlobalSection(ProjectConfigurationPlatforms) = postSolution
		{18DFC26F-E5E9-4C20-952B-7FDF82671690}.Debug|Any CPU.ActiveCfg = Debug|Any CPU
		{18DFC26F-E5E9-4C20-952B-7FDF82671690}.Debug|Any CPU.Build.0 = Debug|Any CPU
		{18DFC26F-E5E9-4C20-952B-7FDF82671690}.Release|Any CPU.ActiveCfg = Release|Any CPU
		{18DFC26F-E5E9-4C20-952B-7FDF82671690}.Release|Any CPU.Build.0 = Release|Any CPU
	EndGlobalSection
	GlobalSection(SolutionProperties) = preSolution
		HideSolutionNode = FALSE
	EndGlobalSection
	GlobalSection(ExtensibilityGlobals) = postSolution
		SolutionGuid = {60CD8FD5-6039-448F-A870-F5A51E3E7323}
	EndGlobalSection
EndGlobal
